
Microsoft Visual Studio Solution File, Format Version 12.00
# Visual Studio Version 16
VisualStudioVersion = 16.0.29409.12
MinimumVisualStudioVersion = 10.0.40219.1
Project("{FAE04EC0-301F-11D3-BF4B-00C04F79EFBC}") = "ESI.Net.TestApp", "ESI.Net.TestApp\ESI.Net.TestApp.csproj", "{21B83DEF-B268-4DAC-85BD-EC34B8DD6AB9}"
EndProject
Global
	GlobalSection(SolutionConfigurationPlatforms) = preSolution
		Debug|Any CPU = Debug|Any CPU
		Release|Any CPU = Release|Any CPU
	EndGlobalSection
	GlobalSection(ProjectConfigurationPlatforms) = postSolution
		{21B83DEF-B268-4DAC-85BD-EC34B8DD6AB9}.Debug|Any CPU.ActiveCfg = Debug|Any CPU
		{21B83DEF-B268-4DAC-85BD-EC34B8DD6AB9}.Debug|Any CPU.Build.0 = Debug|Any CPU
		{21B83DEF-B268-4DAC-85BD-EC34B8DD6AB9}.Release|Any CPU.ActiveCfg = Release|Any CPU
		{21B83DEF-B268-4DAC-85BD-EC34B8DD6AB9}.Release|Any CPU.Build.0 = Release|Any CPU
	EndGlobalSection
	GlobalSection(SolutionProperties) = preSolution
		HideSolutionNode = FALSE
	EndGlobalSection
	GlobalSection(ExtensibilityGlobals) = postSolution
		SolutionGuid = {BB98A4CD-777C-43F7-AB39-95814044F505}
	EndGlobalSection
EndGlobal
